// !$*UTF8*$!
{
	archiveVersion = 1;
	classes = {
	};
	objectVersion = 56;
	objects = {

/* Begin PBXBuildFile section */
		C02EC427E7505B049C62D2C6 /* Pods_finalTask4.framework in Frameworks */ = {isa = PBXBuildFile; fileRef = D7600B49BC643F86559D0748 /* Pods_finalTask4.framework */; };
		D10D42352A0136F1005D0D37 /* AppDelegate.swift in Sources */ = {isa = PBXBuildFile; fileRef = D10D42342A0136F1005D0D37 /* AppDelegate.swift */; };
		D10D42372A0136F1005D0D37 /* SceneDelegate.swift in Sources */ = {isa = PBXBuildFile; fileRef = D10D42362A0136F1005D0D37 /* SceneDelegate.swift */; };
		D10D42392A0136F1005D0D37 /* ViewController.swift in Sources */ = {isa = PBXBuildFile; fileRef = D10D42382A0136F1005D0D37 /* ViewController.swift */; };
		D10D423C2A0136F1005D0D37 /* Main.storyboard in Resources */ = {isa = PBXBuildFile; fileRef = D10D423A2A0136F1005D0D37 /* Main.storyboard */; };
		D10D423E2A0136F3005D0D37 /* Assets.xcassets in Resources */ = {isa = PBXBuildFile; fileRef = D10D423D2A0136F3005D0D37 /* Assets.xcassets */; };
		D10D42412A0136F3005D0D37 /* LaunchScreen.storyboard in Resources */ = {isa = PBXBuildFile; fileRef = D10D423F2A0136F3005D0D37 /* LaunchScreen.storyboard */; };
		D10D42492A013A02005D0D37 /* FirstViewController.swift in Sources */ = {isa = PBXBuildFile; fileRef = D10D42482A013A02005D0D37 /* FirstViewController.swift */; };
		D10D424B2A013A0F005D0D37 /* SecondViewController.swift in Sources */ = {isa = PBXBuildFile; fileRef = D10D424A2A013A0F005D0D37 /* SecondViewController.swift */; };
/* End PBXBuildFile section */

/* Begin PBXFileReference section */
		6F24AE30CBDEB6BAC35A5965 /* Pods-finalTask4.debug.xcconfig */ = {isa = PBXFileReference; includeInIndex = 1; lastKnownFileType = text.xcconfig; name = "Pods-finalTask4.debug.xcconfig"; path = "Target Support Files/Pods-finalTask4/Pods-finalTask4.debug.xcconfig"; sourceTree = "<group>"; };
		8F01266710E2989FE87E5B64 /* Pods-finalTask4.release.xcconfig */ = {isa = PBXFileReference; includeInIndex = 1; lastKnownFileType = text.xcconfig; name = "Pods-finalTask4.release.xcconfig"; path = "Target Support Files/Pods-finalTask4/Pods-finalTask4.release.xcconfig"; sourceTree = "<group>"; };
		D10D42312A0136F1005D0D37 /* finalTask4.app */ = {isa = PBXFileReference; explicitFileType = wrapper.application; includeInIndex = 0; path = finalTask4.app; sourceTree = BUILT_PRODUCTS_DIR; };
		D10D42342A0136F1005D0D37 /* AppDelegate.swift */ = {isa = PBXFileReference; lastKnownFileType = sourcecode.swift; path = AppDelegate.swift; sourceTree = "<group>"; };
		D10D42362A0136F1005D0D37 /* SceneDelegate.swift */ = {isa = PBXFileReference; lastKnownFileType = sourcecode.swift; path = SceneDelegate.swift; sourceTree = "<group>"; };
		D10D42382A0136F1005D0D37 /* ViewController.swift */ = {isa = PBXFileReference; lastKnownFileType = sourcecode.swift; path = ViewController.swift; sourceTree = "<group>"; };
		D10D423B2A0136F1005D0D37 /* Base */ = {isa = PBXFileReference; lastKnownFileType = file.storyboard; name = Base; path = Base.lproj/Main.storyboard; sourceTree = "<group>"; };
		D10D423D2A0136F3005D0D37 /* Assets.xcassets */ = {isa = PBXFileReference; lastKnownFileType = folder.assetcatalog; path = Assets.xcassets; sourceTree = "<group>"; };
		D10D42402A0136F3005D0D37 /* Base */ = {isa = PBXFileReference; lastKnownFileType = file.storyboard; name = Base; path = Base.lproj/LaunchScreen.storyboard; sourceTree = "<group>"; };
		D10D42422A0136F3005D0D37 /* Info.plist */ = {isa = PBXFileReference; lastKnownFileType = text.plist.xml; path = Info.plist; sourceTree = "<group>"; };
		D10D42482A013A02005D0D37 /* FirstViewController.swift */ = {isa = PBXFileReference; lastKnownFileType = sourcecode.swift; path = FirstViewController.swift; sourceTree = "<group>"; };
		D10D424A2A013A0F005D0D37 /* SecondViewController.swift */ = {isa = PBXFileReference; lastKnownFileType = sourcecode.swift; path = SecondViewController.swift; sourceTree = "<group>"; };
		D7600B49BC643F86559D0748 /* Pods_finalTask4.framework */ = {isa = PBXFileReference; explicitFileType = wrapper.framework; includeInIndex = 0; path = Pods_finalTask4.framework; sourceTree = BUILT_PRODUCTS_DIR; };
/* End PBXFileReference section */

/* Begin PBXFrameworksBuildPhase section */
		D10D422E2A0136F1005D0D37 /* Frameworks */ = {
			isa = PBXFrameworksBuildPhase;
			buildActionMask = 2147483647;
			files = (
				C02EC427E7505B049C62D2C6 /* Pods_finalTask4.framework in Frameworks */,
			);
			runOnlyForDeploymentPostprocessing = 0;
		};
/* End PBXFrameworksBuildPhase section */

/* Begin PBXGroup section */
		A81743EB72181C910DD43932 /* Frameworks */ = {
			isa = PBXGroup;
			children = (
				D7600B49BC643F86559D0748 /* Pods_finalTask4.framework */,
			);
			name = Frameworks;
			sourceTree = "<group>";
		};
		D10D42282A0136F1005D0D37 = {
			isa = PBXGroup;
			children = (
				D10D42332A0136F1005D0D37 /* finalTask4 */,
				D10D42322A0136F1005D0D37 /* Products */,
				E8779ABA2BB17A2E142C07AC /* Pods */,
				A81743EB72181C910DD43932 /* Frameworks */,
			);
			sourceTree = "<group>";
		};
		D10D42322A0136F1005D0D37 /* Products */ = {
			isa = PBXGroup;
			children = (
				D10D42312A0136F1005D0D37 /* finalTask4.app */,
			);
			name = Products;
			sourceTree = "<group>";
		};
		D10D42332A0136F1005D0D37 /* finalTask4 */ = {
			isa = PBXGroup;
			children = (
				D10D42342A0136F1005D0D37 /* AppDelegate.swift */,
				D10D42362A0136F1005D0D37 /* SceneDelegate.swift */,
				D10D42382A0136F1005D0D37 /* ViewController.swift */,
				D10D423A2A0136F1005D0D37 /* Main.storyboard */,
				D10D423D2A0136F3005D0D37 /* Assets.xcassets */,
				D10D423F2A0136F3005D0D37 /* LaunchScreen.storyboard */,
				D10D42422A0136F3005D0D37 /* Info.plist */,
				D10D42482A013A02005D0D37 /* FirstViewController.swift */,
				D10D424A2A013A0F005D0D37 /* SecondViewController.swift */,
			);
			path = finalTask4;
			sourceTree = "<group>";
		};
		E8779ABA2BB17A2E142C07AC /* Pods */ = {
			isa = PBXGroup;
			children = (
				6F24AE30CBDEB6BAC35A5965 /* Pods-finalTask4.debug.xcconfig */,
				8F01266710E2989FE87E5B64 /* Pods-finalTask4.release.xcconfig */,
			);
			name = Pods;
			path = Pods;
			sourceTree = "<group>";
		};
/* End PBXGroup section */

/* Begin PBXNativeTarget section */
		D10D42302A0136F1005D0D37 /* finalTask4 */ = {
			isa = PBXNativeTarget;
			buildConfigurationList = D10D42452A0136F3005D0D37 /* Build configuration list for PBXNativeTarget "finalTask4" */;
			buildPhases = (
				1EB97EBB379080522ECA99E8 /* [CP] Check Pods Manifest.lock */,
				D10D422D2A0136F1005D0D37 /* Sources */,
				D10D422E2A0136F1005D0D37 /* Frameworks */,
				D10D422F2A0136F1005D0D37 /* Resources */,
				6AEF7D5B0DE89070255FE0B2 /* [CP] Embed Pods Frameworks */,
			);
			buildRules = (
			);
			dependencies = (
			);
			name = finalTask4;
			productName = finalTask4;
			productReference = D10D42312A0136F1005D0D37 /* finalTask4.app */;
			productType = "com.apple.product-type.application";
		};
/* End PBXNativeTarget section */

/* Begin PBXProject section */
		D10D42292A0136F1005D0D37 /* Project object */ = {
			isa = PBXProject;
			attributes = {
				BuildIndependentTargetsInParallel = 1;
				LastSwiftUpdateCheck = 1430;
				LastUpgradeCheck = 1430;
				TargetAttributes = {
					D10D42302A0136F1005D0D37 = {
						CreatedOnToolsVersion = 14.3;
					};
				};
			};
			buildConfigurationList = D10D422C2A0136F1005D0D37 /* Build configuration list for PBXProject "finalTask4" */;
			compatibilityVersion = "Xcode 14.0";
			developmentRegion = en;
			hasScannedForEncodings = 0;
			knownRegions = (
				en,
				Base,
			);
			mainGroup = D10D42282A0136F1005D0D37;
			productRefGroup = D10D42322A0136F1005D0D37 /* Products */;
			projectDirPath = "";
			projectRoot = "";
			targets = (
				D10D42302A0136F1005D0D37 /* finalTask4 */,
			);
		};
/* End PBXProject section */

/* Begin PBXResourcesBuildPhase section */
		D10D422F2A0136F1005D0D37 /* Resources */ = {
			isa = PBXResourcesBuildPhase;
			buildActionMask = 2147483647;
			files = (
				D10D42412A0136F3005D0D37 /* LaunchScreen.storyboard in Resources */,
				D10D423E2A0136F3005D0D37 /* Assets.xcassets in Resources */,
				D10D423C2A0136F1005D0D37 /* Main.storyboard in Resources */,
			);
			runOnlyForDeploymentPostprocessing = 0;
		};
/* End PBXResourcesBuildPhase section */

/* Begin PBXShellScriptBuildPhase section */
		1EB97EBB379080522ECA99E8 /* [CP] Check Pods Manifest.lock */ = {
			isa = PBXShellScriptBuildPhase;
			buildActionMask = 2147483647;
			files = (
			);
			inputFileListPaths = (
			);
			inputPaths = (
				"${PODS_PODFILE_DIR_PATH}/Podfile.lock",
				"${PODS_ROOT}/Manifest.lock",
			);
			name = "[CP] Check Pods Manifest.lock";
			outputFileListPaths = (
			);
			outputPaths = (
				"$(DERIVED_FILE_DIR)/Pods-finalTask4-checkManifestLockResult.txt",
			);
			runOnlyForDeploymentPostprocessing = 0;
			shellPath = /bin/sh;
			shellScript = "diff \"${PODS_PODFILE_DIR_PATH}/Podfile.lock\" \"${PODS_ROOT}/Manifest.lock\" > /dev/null\nif [ $? != 0 ] ; then\n    # print error to STDERR\n    echo \"error: The sandbox is not in sync with the Podfile.lock. Run 'pod install' or update your CocoaPods installation.\" >&2\n    exit 1\nfi\n# This output is used by Xcode 'outputs' to avoid re-running this script phase.\necho \"SUCCESS\" > \"${SCRIPT_OUTPUT_FILE_0}\"\n";
			showEnvVarsInLog = 0;
		};
		6AEF7D5B0DE89070255FE0B2 /* [CP] Embed Pods Frameworks */ = {
			isa = PBXShellScriptBuildPhase;
			buildActionMask = 2147483647;
			files = (
			);
			inputFileListPaths = (
				"${PODS_ROOT}/Target Support Files/Pods-finalTask4/Pods-finalTask4-frameworks-${CONFIGURATION}-input-files.xcfilelist",
			);
			name = "[CP] Embed Pods Frameworks";
			outputFileListPaths = (
				"${PODS_ROOT}/Target Support Files/Pods-finalTask4/Pods-finalTask4-frameworks-${CONFIGURATION}-output-files.xcfilelist",
			);
			runOnlyForDeploymentPostprocessing = 0;
			shellPath = /bin/sh;
			shellScript = "\"${PODS_ROOT}/Target Support Files/Pods-finalTask4/Pods-finalTask4-frameworks.sh\"\n";
			showEnvVarsInLog = 0;
		};
/* End PBXShellScriptBuildPhase section */

/* Begin PBXSourcesBuildPhase section */
		D10D422D2A0136F1005D0D37 /* Sources */ = {
			isa = PBXSourcesBuildPhase;
			buildActionMask = 2147483647;
			files = (
				D10D42392A0136F1005D0D37 /* ViewController.swift in Sources */,
				D10D42352A0136F1005D0D37 /* AppDelegate.swift in Sources */,
				D10D42372A0136F1005D0D37 /* SceneDelegate.swift in Sources */,
				D10D424B2A013A0F005D0D37 /* SecondViewController.swift in Sources */,
				D10D42492A013A02005D0D37 /* FirstViewController.swift in Sources */,
			);
			runOnlyForDeploymentPostprocessing = 0;
		};
/* End PBXSourcesBuildPhase section */

/* Begin PBXVariantGroup section */
		D10D423A2A0136F1005D0D37 /* Main.storyboard */ = {
			isa = PBXVariantGroup;
			children = (
				D10D423B2A0136F1005D0D37 /* Base */,
			);
			name = Main.storyboard;
			sourceTree = "<group>";
		};
		D10D423F2A0136F3005D0D37 /* LaunchScreen.storyboard */ = {
			isa = PBXVariantGroup;
			children = (
				D10D42402A0136F3005D0D37 /* Base */,
			);
			name = LaunchScreen.storyboard;
			sourceTree = "<group>";
		};
/* End PBXVariantGroup section */

/* Begin XCBuildConfiguration section */
		D10D42432A0136F3005D0D37 /* Debug */ = {
			isa = XCBuildConfiguration;
			buildSettings = {
				ALWAYS_SEARCH_USER_PATHS = NO;
				CLANG_ANALYZER_NONNULL = YES;
				CLANG_ANALYZER_NUMBER_OBJECT_CONVERSION = YES_AGGRESSIVE;
				CLANG_CXX_LANGUAGE_STANDARD = "gnu++20";
				CLANG_ENABLE_MODULES = YES;
				CLANG_ENABLE_OBJC_ARC = YES;
				CLANG_ENABLE_OBJC_WEAK = YES;
				CLANG_WARN_BLOCK_CAPTURE_AUTORELEASING = YES;
				CLANG_WARN_BOOL_CONVERSION = YES;
				CLANG_WARN_COMMA = YES;
				CLANG_WARN_CONSTANT_CONVERSION = YES;
				CLANG_WARN_DEPRECATED_OBJC_IMPLEMENTATIONS = YES;
				CLANG_WARN_DIRECT_OBJC_ISA_USAGE = YES_ERROR;
				CLANG_WARN_DOCUMENTATION_COMMENTS = YES;
				CLANG_WARN_EMPTY_BODY = YES;
				CLANG_WARN_ENUM_CONVERSION = YES;
				CLANG_WARN_INFINITE_RECURSION = YES;
				CLANG_WARN_INT_CONVERSION = YES;
				CLANG_WARN_NON_LITERAL_NULL_CONVERSION = YES;
				CLANG_WARN_OBJC_IMPLICIT_RETAIN_SELF = YES;
				CLANG_WARN_OBJC_LITERAL_CONVERSION = YES;
				CLANG_WARN_OBJC_ROOT_CLASS = YES_ERROR;
				CLANG_WARN_QUOTED_INCLUDE_IN_FRAMEWORK_HEADER = YES;
				CLANG_WARN_RANGE_LOOP_ANALYSIS = YES;
				CLANG_WARN_STRICT_PROTOTYPES = YES;
				CLANG_WARN_SUSPICIOUS_MOVE = YES;
				CLANG_WARN_UNGUARDED_AVAILABILITY = YES_AGGRESSIVE;
				CLANG_WARN_UNREACHABLE_CODE = YES;
				CLANG_WARN__DUPLICATE_METHOD_MATCH = YES;
				COPY_PHASE_STRIP = NO;
				DEBUG_INFORMATION_FORMAT = dwarf;
				ENABLE_STRICT_OBJC_MSGSEND = YES;
				ENABLE_TESTABILITY = YES;
				GCC_C_LANGUAGE_STANDARD = gnu11;
				GCC_DYNAMIC_NO_PIC = NO;
				GCC_NO_COMMON_BLOCKS = YES;
				GCC_OPTIMIZATION_LEVEL = 0;
				GCC_PREPROCESSOR_DEFINITIONS = (
					"DEBUG=1",
					"$(inherited)",
				);
				GCC_WARN_64_TO_32_BIT_CONVERSION = YES;
				GCC_WARN_ABOUT_RETURN_TYPE = YES_ERROR;
				GCC_WARN_UNDECLARED_SELECTOR = YES;
				GCC_WARN_UNINITIALIZED_AUTOS = YES_AGGRESSIVE;
				GCC_WARN_UNUSED_FUNCTION = YES;
				GCC_WARN_UNUSED_VARIABLE = YES;
				IPHONEOS_DEPLOYMENT_TARGET = 16.4;
				MTL_ENABLE_DEBUG_INFO = INCLUDE_SOURCE;
				MTL_FAST_MATH = YES;
				ONLY_ACTIVE_ARCH = YES;
				SDKROOT = iphoneos;
				SWIFT_ACTIVE_COMPILATION_CONDITIONS = DEBUG;
				SWIFT_OPTIMIZATION_LEVEL = "-Onone";
			};
			name = Debug;
		};
		D10D42442A0136F3005D0D37 /* Release */ = {
			isa = XCBuildConfiguration;
			buildSettings = {
				ALWAYS_SEARCH_USER_PATHS = NO;
				CLANG_ANALYZER_NONNULL = YES;
				CLANG_ANALYZER_NUMBER_OBJECT_CONVERSION = YES_AGGRESSIVE;
				CLANG_CXX_LANGUAGE_STANDARD = "gnu++20";
				CLANG_ENABLE_MODULES = YES;
				CLANG_ENABLE_OBJC_ARC = YES;
				CLANG_ENABLE_OBJC_WEAK = YES;
				CLANG_WARN_BLOCK_CAPTURE_AUTORELEASING = YES;
				CLANG_WARN_BOOL_CONVERSION = YES;
				CLANG_WARN_COMMA = YES;
				CLANG_WARN_CONSTANT_CONVERSION = YES;
				CLANG_WARN_DEPRECATED_OBJC_IMPLEMENTATIONS = YES;
				CLANG_WARN_DIRECT_OBJC_ISA_USAGE = YES_ERROR;
				CLANG_WARN_DOCUMENTATION_COMMENTS = YES;
				CLANG_WARN_EMPTY_BODY = YES;
				CLANG_WARN_ENUM_CONVERSION = YES;
				CLANG_WARN_INFINITE_RECURSION = YES;
				CLANG_WARN_INT_CONVERSION = YES;
				CLANG_WARN_NON_LITERAL_NULL_CONVERSION = YES;
				CLANG_WARN_OBJC_IMPLICIT_RETAIN_SELF = YES;
				CLANG_WARN_OBJC_LITERAL_CONVERSION = YES;
				CLANG_WARN_OBJC_ROOT_CLASS = YES_ERROR;
				CLANG_WARN_QUOTED_INCLUDE_IN_FRAMEWORK_HEADER = YES;
				CLANG_WARN_RANGE_LOOP_ANALYSIS = YES;
				CLANG_WARN_STRICT_PROTOTYPES = YES;
				CLANG_WARN_SUSPICIOUS_MOVE = YES;
				CLANG_WARN_UNGUARDED_AVAILABILITY = YES_AGGRESSIVE;
				CLANG_WARN_UNREACHABLE_CODE = YES;
				CLANG_WARN__DUPLICATE_METHOD_MATCH = YES;
				COPY_PHASE_STRIP = NO;
				DEBUG_INFORMATION_FORMAT = "dwarf-with-dsym";
				ENABLE_NS_ASSERTIONS = NO;
				ENABLE_STRICT_OBJC_MSGSEND = YES;
				GCC_C_LANGUAGE_STANDARD = gnu11;
				GCC_NO_COMMON_BLOCKS = YES;
				GCC_WARN_64_TO_32_BIT_CONVERSION = YES;
				GCC_WARN_ABOUT_RETURN_TYPE = YES_ERROR;
				GCC_WARN_UNDECLARED_SELECTOR = YES;
				GCC_WARN_UNINITIALIZED_AUTOS = YES_AGGRESSIVE;
				GCC_WARN_UNUSED_FUNCTION = YES;
				GCC_WARN_UNUSED_VARIABLE = YES;
				IPHONEOS_DEPLOYMENT_TARGET = 16.4;
				MTL_ENABLE_DEBUG_INFO = NO;
				MTL_FAST_MATH = YES;
				SDKROOT = iphoneos;
				SWIFT_COMPILATION_MODE = wholemodule;
				SWIFT_OPTIMIZATION_LEVEL = "-O";
				VALIDATE_PRODUCT = YES;
			};
			name = Release;
		};
		D10D42462A0136F3005D0D37 /* Debug */ = {
			isa = XCBuildConfiguration;
			baseConfigurationReference = 6F24AE30CBDEB6BAC35A5965 /* Pods-finalTask4.debug.xcconfig */;
			buildSettings = {
				ASSETCATALOG_COMPILER_APPICON_NAME = AppIcon;
				ASSETCATALOG_COMPILER_GLOBAL_ACCENT_COLOR_NAME = AccentColor;
				CODE_SIGN_STYLE = Automatic;
				CURRENT_PROJECT_VERSION = 1;
				GENERATE_INFOPLIST_FILE = YES;
				INFOPLIST_FILE = finalTask4/Info.plist;
				INFOPLIST_KEY_UIApplicationSupportsIndirectInputEvents = YES;
				INFOPLIST_KEY_UILaunchStoryboardName = LaunchScreen;
				INFOPLIST_KEY_UISupportedInterfaceOrientations_iPad = "UIInterfaceOrientationPortrait UIInterfaceOrientationPortraitUpsideDown UIInterfaceOrientationLandscapeLeft UIInterfaceOrientationLandscapeRight";
				INFOPLIST_KEY_UISupportedInterfaceOrientations_iPhone = "UIInterfaceOrientationPortrait UIInterfaceOrientationLandscapeLeft UIInterfaceOrientationLandscapeRight";
				LD_RUNPATH_SEARCH_PATHS = (
					"$(inherited)",
					"@executable_path/Frameworks",
				);
				MARKETING_VERSION = 1.0;
				PRODUCT_BUNDLE_IDENTIFIER = swe.finalTask4;
				PRODUCT_NAME = "$(TARGET_NAME)";
				SWIFT_EMIT_LOC_STRINGS = YES;
				SWIFT_VERSION = 5.0;
				TARGETED_DEVICE_FAMILY = "1,2";
			};
			name = Debug;
		};
		D10D42472A0136F3005D0D37 /* Release */ = {
			isa = XCBuildConfiguration;
			baseConfigurationReference = 8F01266710E2989FE87E5B64 /* Pods-finalTask4.release.xcconfig */;
			buildSettings = {
				ASSETCATALOG_COMPILER_APPICON_NAME = AppIcon;
				ASSETCATALOG_COMPILER_GLOBAL_ACCENT_COLOR_NAME = AccentColor;
				CODE_SIGN_STYLE = Automatic;
				CURRENT_PROJECT_VERSION = 1;
				GENERATE_INFOPLIST_FILE = YES;
				INFOPLIST_FILE = finalTask4/Info.plist;
				INFOPLIST_KEY_UIApplicationSupportsIndirectInputEvents = YES;
				INFOPLIST_KEY_UILaunchStoryboardName = LaunchScreen;
				INFOPLIST_KEY_UISupportedInterfaceOrientations_iPad = "UIInterfaceOrientationPortrait UIInterfaceOrientationPortraitUpsideDown UIInterfaceOrientationLandscapeLeft UIInterfaceOrientationLandscapeRight";
				INFOPLIST_KEY_UISupportedInterfaceOrientations_iPhone = "UIInterfaceOrientationPortrait UIInterfaceOrientationLandscapeLeft UIInterfaceOrientationLandscapeRight";
				LD_RUNPATH_SEARCH_PATHS = (
					"$(inherited)",
					"@executable_path/Frameworks",
				);
				MARKETING_VERSION = 1.0;
				PRODUCT_BUNDLE_IDENTIFIER = swe.finalTask4;
				PRODUCT_NAME = "$(TARGET_NAME)";
				SWIFT_EMIT_LOC_STRINGS = YES;
				SWIFT_VERSION = 5.0;
				TARGETED_DEVICE_FAMILY = "1,2";
			};
			name = Release;
		};
/* End XCBuildConfiguration section */

/* Begin XCConfigurationList section */
		D10D422C2A0136F1005D0D37 /* Build configuration list for PBXProject "finalTask4" */ = {
			isa = XCConfigurationList;
			buildConfigurations = (
				D10D42432A0136F3005D0D37 /* Debug */,
				D10D42442A0136F3005D0D37 /* Release */,
			);
			defaultConfigurationIsVisible = 0;
			defaultConfigurationName = Release;
		};
		D10D42452A0136F3005D0D37 /* Build configuration list for PBXNativeTarget "finalTask4" */ = {
			isa = XCConfigurationList;
			buildConfigurations = (
				D10D42462A0136F3005D0D37 /* Debug */,
				D10D42472A0136F3005D0D37 /* Release */,
			);
			defaultConfigurationIsVisible = 0;
			defaultConfigurationName = Release;
		};
/* End XCConfigurationList section */
	};
	rootObject = D10D42292A0136F1005D0D37 /* Project object */;
}
